
Microsoft Visual Studio Solution File, Format Version 12.00
# Visual Studio Version 17
VisualStudioVersion = 17.5.2.0
MinimumVisualStudioVersion = 10.0.40219.1
Project("{FAE04EC0-301F-11D3-BF4B-00C04F79EFBC}") = "MonitoringService", "MonitoringService\MonitoringService.csproj", "{BB974968-D2C4-4B35-99C0-AFAF150E11ED}"
EndProject
Project("{FAE04EC0-301F-11D3-BF4B-00C04F79EFBC}") = "SHM_MS", "SHM_MS\SHM_MS.csproj", "{5D33A1A3-0F97-4EC3-8A8F-B9FF0335B36E}"
EndProject
Project("{FAE04EC0-301F-11D3-BF4B-00C04F79EFBC}") = "Shared", "Shared\Shared.csproj", "{6FA39AEF-0EFA-4297-89BC-ECA360B8805A}"
EndProject
Global
	GlobalSection(SolutionConfigurationPlatforms) = preSolution
		Debug|Any CPU = Debug|Any CPU
		Release|Any CPU = Release|Any CPU
	EndGlobalSection
	GlobalSection(SolutionProperties) = preSolution
		HideSolutionNode = FALSE
	EndGlobalSection
	GlobalSection(ExtensibilityGlobals) = postSolution
		SolutionGuid = {79572CAE-3F3D-457D-A5A0-EC62DE7938E3}
	EndGlobalSection
	GlobalSection(ProjectConfigurationPlatforms) = postSolution
		{BB974968-D2C4-4B35-99C0-AFAF150E11ED}.Debug|Any CPU.ActiveCfg = Debug|Any CPU
		{BB974968-D2C4-4B35-99C0-AFAF150E11ED}.Debug|Any CPU.Build.0 = Debug|Any CPU
		{BB974968-D2C4-4B35-99C0-AFAF150E11ED}.Release|Any CPU.ActiveCfg = Release|Any CPU
		{BB974968-D2C4-4B35-99C0-AFAF150E11ED}.Release|Any CPU.Build.0 = Release|Any CPU
		{5D33A1A3-0F97-4EC3-8A8F-B9FF0335B36E}.Debug|Any CPU.ActiveCfg = Debug|Any CPU
		{5D33A1A3-0F97-4EC3-8A8F-B9FF0335B36E}.Debug|Any CPU.Build.0 = Debug|Any CPU
		{5D33A1A3-0F97-4EC3-8A8F-B9FF0335B36E}.Release|Any CPU.ActiveCfg = Release|Any CPU
		{5D33A1A3-0F97-4EC3-8A8F-B9FF0335B36E}.Release|Any CPU.Build.0 = Release|Any CPU
		{6FA39AEF-0EFA-4297-89BC-ECA360B8805A}.Debug|Any CPU.ActiveCfg = Debug|Any CPU
		{6FA39AEF-0EFA-4297-89BC-ECA360B8805A}.Debug|Any CPU.Build.0 = Debug|Any CPU
		{6FA39AEF-0EFA-4297-89BC-ECA360B8805A}.Release|Any CPU.ActiveCfg = Release|Any CPU
		{6FA39AEF-0EFA-4297-89BC-ECA360B8805A}.Release|Any CPU.Build.0 = Release|Any CPU
	EndGlobalSection
EndGlobal
